
Microsoft Visual Studio Solution File, Format Version 12.00
# Visual Studio Version 16
VisualStudioVersion = 16.0.30803.129
MinimumVisualStudioVersion = 10.0.40219.1
Project("{9A19103F-16F7-4668-BE54-9A1E7A4F7556}") = "ThreeJs4Net.Tests", "ThreeJs4Net.Tests\ThreeJs4Net.Tests.csproj", "{CD0FD2E4-9B2E-4D18-908D-2141305C9A5C}"
EndProject
Project("{FAE04EC0-301F-11D3-BF4B-00C04F79EFBC}") = "ThreeJs4Net", "ThreeJs4Net\ThreeJs4Net.csproj", "{0A03130F-7C4F-45C3-B95C-6DEDC96509BA}"
EndProject
Project("{9A19103F-16F7-4668-BE54-9A1E7A4F7556}") = "ThreeJs4Net.Demo", "ThreeJs4Net.Demo\ThreeJs4Net.Demo.csproj", "{921CAD5C-0AF8-4B39-A60B-C3DC59F70735}"
EndProject
Global
	GlobalSection(SolutionConfigurationPlatforms) = preSolution
		Debug|Any CPU = Debug|Any CPU
		Release|Any CPU = Release|Any CPU
	EndGlobalSection
	GlobalSection(ProjectConfigurationPlatforms) = postSolution
		{CD0FD2E4-9B2E-4D18-908D-2141305C9A5C}.Debug|Any CPU.ActiveCfg = Debug|Any CPU
		{CD0FD2E4-9B2E-4D18-908D-2141305C9A5C}.Debug|Any CPU.Build.0 = Debug|Any CPU
		{CD0FD2E4-9B2E-4D18-908D-2141305C9A5C}.Release|Any CPU.ActiveCfg = Release|Any CPU
		{CD0FD2E4-9B2E-4D18-908D-2141305C9A5C}.Release|Any CPU.Build.0 = Release|Any CPU
		{0A03130F-7C4F-45C3-B95C-6DEDC96509BA}.Debug|Any CPU.ActiveCfg = Debug|Any CPU
		{0A03130F-7C4F-45C3-B95C-6DEDC96509BA}.Debug|Any CPU.Build.0 = Debug|Any CPU
		{0A03130F-7C4F-45C3-B95C-6DEDC96509BA}.Release|Any CPU.ActiveCfg = Release|Any CPU
		{0A03130F-7C4F-45C3-B95C-6DEDC96509BA}.Release|Any CPU.Build.0 = Release|Any CPU
		{921CAD5C-0AF8-4B39-A60B-C3DC59F70735}.Debug|Any CPU.ActiveCfg = Debug|Any CPU
		{921CAD5C-0AF8-4B39-A60B-C3DC59F70735}.Debug|Any CPU.Build.0 = Debug|Any CPU
		{921CAD5C-0AF8-4B39-A60B-C3DC59F70735}.Release|Any CPU.ActiveCfg = Release|Any CPU
		{921CAD5C-0AF8-4B39-A60B-C3DC59F70735}.Release|Any CPU.Build.0 = Release|Any CPU
	EndGlobalSection
	GlobalSection(SolutionProperties) = preSolution
		HideSolutionNode = FALSE
	EndGlobalSection
	GlobalSection(ExtensibilityGlobals) = postSolution
		SolutionGuid = {56CEC546-1E16-40F8-958D-22C097B0B0C3}
	EndGlobalSection
EndGlobal
